// !$*UTF8*$!
{
	archiveVersion = 1;
	classes = {
	};
	objectVersion = 48;
	objects = {

/* Begin PBXBuildFile section */
		001DB02020AC816A0010763A /* skidding.mp3 in Resources */ = {isa = PBXBuildFile; fileRef = 001DB01F20AC816A0010763A /* skidding.mp3 */; };
		001FC93020618A400067132C /* Plane.m in Sources */ = {isa = PBXBuildFile; fileRef = 001FC92E20618A3E0067132C /* Plane.m */; };
		003F837B206AA60300FD5FF7 /* HRFinalCamViewController.m in Sources */ = {isa = PBXBuildFile; fileRef = 003F837A206AA60300FD5FF7 /* HRFinalCamViewController.m */; };
		0048267E2056EA6500D1AA57 /* facetime.mp3 in Resources */ = {isa = PBXBuildFile; fileRef = 0048267D2056EA6500D1AA57 /* facetime.mp3 */; };
		0051757520A1EC40004DAB6F /* ny2-cut.mov in Resources */ = {isa = PBXBuildFile; fileRef = 0051757420A1EC40004DAB6F /* ny2-cut.mov */; };
		005CC26F20ACA0110001E55E /* test.mov in Resources */ = {isa = PBXBuildFile; fileRef = 005CC26E20ACA0110001E55E /* test.mov */; };
		005CC27120ACBE8B0001E55E /* scream.mp3 in Resources */ = {isa = PBXBuildFile; fileRef = 005CC27020ACBE8B0001E55E /* scream.mp3 */; };
		005D2DBA20A09DC100B55942 /* facetimeanswer.wav in Resources */ = {isa = PBXBuildFile; fileRef = 005D2DB920A09DC100B55942 /* facetimeanswer.wav */; };
		0062052B206030AB00A743F1 /* HRCamViewController.m in Sources */ = {isa = PBXBuildFile; fileRef = 0062052A206030AB00A743F1 /* HRCamViewController.m */; };
		008EDF072056C9DF00AADA87 /* AppDelegate.m in Sources */ = {isa = PBXBuildFile; fileRef = 008EDF062056C9DF00AADA87 /* AppDelegate.m */; };
		008EDF0F2056C9E000AADA87 /* Main.storyboard in Resources */ = {isa = PBXBuildFile; fileRef = 008EDF0D2056C9E000AADA87 /* Main.storyboard */; };
		008EDF112056C9E000AADA87 /* Assets.xcassets in Resources */ = {isa = PBXBuildFile; fileRef = 008EDF102056C9E000AADA87 /* Assets.xcassets */; };
		008EDF142056C9E000AADA87 /* LaunchScreen.storyboard in Resources */ = {isa = PBXBuildFile; fileRef = 008EDF122056C9E000AADA87 /* LaunchScreen.storyboard */; };
		008EDF172056C9E000AADA87 /* main.m in Sources */ = {isa = PBXBuildFile; fileRef = 008EDF162056C9E000AADA87 /* main.m */; };
		008EDF212056C9E000AADA87 /* HorrorARTests.m in Sources */ = {isa = PBXBuildFile; fileRef = 008EDF202056C9E000AADA87 /* HorrorARTests.m */; };
		008EDF2C2056C9E000AADA87 /* HorrorARUITests.m in Sources */ = {isa = PBXBuildFile; fileRef = 008EDF2B2056C9E000AADA87 /* HorrorARUITests.m */; };
		008EDF3B2056CA1200AADA87 /* HRIntroViewController.m in Sources */ = {isa = PBXBuildFile; fileRef = 008EDF3A2056CA1200AADA87 /* HRIntroViewController.m */; };
		008EDF3E2056D49D00AADA87 /* HRFaceTimeViewController.m in Sources */ = {isa = PBXBuildFile; fileRef = 008EDF3D2056D49D00AADA87 /* HRFaceTimeViewController.m */; };
		008EDF412056D4D500AADA87 /* HRMainNavController.m in Sources */ = {isa = PBXBuildFile; fileRef = 008EDF402056D4D500AADA87 /* HRMainNavController.m */; };
		00AF2FAB209BAFF1009C9A45 /* great.MOV in Resources */ = {isa = PBXBuildFile; fileRef = 00AF2FAA209BAFF1009C9A45 /* great.MOV */; };
		00B5E5C620A203B9001B280F /* art.scnassets in Resources */ = {isa = PBXBuildFile; fileRef = 008EDF082056C9E000AADA87 /* art.scnassets */; };
		00B7330520A4929E00B2ADBD /* la-cut.mov in Resources */ = {isa = PBXBuildFile; fileRef = 00B7330420A4929E00B2ADBD /* la-cut.mov */; };
		00B7330720A492E900B2ADBD /* sf-cut.mov in Resources */ = {isa = PBXBuildFile; fileRef = 00B7330620A492E900B2ADBD /* sf-cut.mov */; };
		00B7330920A496EA00B2ADBD /* glitch1.wav in Resources */ = {isa = PBXBuildFile; fileRef = 00B7330820A496E900B2ADBD /* glitch1.wav */; };
		00B7330B20A4971100B2ADBD /* glitch4.wav in Resources */ = {isa = PBXBuildFile; fileRef = 00B7330A20A4971100B2ADBD /* glitch4.wav */; };
		00B7330D20A49F4F00B2ADBD /* yw-cut.mov in Resources */ = {isa = PBXBuildFile; fileRef = 00B7330C20A49F4E00B2ADBD /* yw-cut.mov */; };
		00B7330F20A4BD0000B2ADBD /* strings.mp3 in Resources */ = {isa = PBXBuildFile; fileRef = 00B7330E20A4BD0000B2ADBD /* strings.mp3 */; };
		00BC67EB20643D7E00CBF0CF /* hallowed.mp3 in Resources */ = {isa = PBXBuildFile; fileRef = 00BC67EA20643D7D00CBF0CF /* hallowed.mp3 */; };
		00F49E56206984C400F32EB0 /* glitch4.mp3 in Resources */ = {isa = PBXBuildFile; fileRef = 00F49E52206984C300F32EB0 /* glitch4.mp3 */; };
		00F49E57206984C400F32EB0 /* glitch2.mp3 in Resources */ = {isa = PBXBuildFile; fileRef = 00F49E53206984C300F32EB0 /* glitch2.mp3 */; };
		00F49E58206984C400F32EB0 /* glitch3.mp3 in Resources */ = {isa = PBXBuildFile; fileRef = 00F49E54206984C400F32EB0 /* glitch3.mp3 */; };
		00F49E59206984C400F32EB0 /* glitch1.mp3 in Resources */ = {isa = PBXBuildFile; fileRef = 00F49E55206984C400F32EB0 /* glitch1.mp3 */; };
		0EC4C2251B15A63D5AC26102 /* libPods-HorrorAR.a in Frameworks */ = {isa = PBXBuildFile; fileRef = 65F822A1A1CDEDFDE930C0B5 /* libPods-HorrorAR.a */; };
		3849ABC80B38008CA94AEDB1 /* libPods-HorrorARUITests.a in Frameworks */ = {isa = PBXBuildFile; fileRef = 1180C728967D73790DAE4D9B /* libPods-HorrorARUITests.a */; };
		7CB7C2C0FB1763037F32B8A0 /* libPods-HorrorARTests.a in Frameworks */ = {isa = PBXBuildFile; fileRef = 604F83B9793401EE27ADCF57 /* libPods-HorrorARTests.a */; };
/* End PBXBuildFile section */

/* Begin PBXContainerItemProxy section */
		008EDF1D2056C9E000AADA87 /* PBXContainerItemProxy */ = {
			isa = PBXContainerItemProxy;
			containerPortal = 008EDEFA2056C9DF00AADA87 /* Project object */;
			proxyType = 1;
			remoteGlobalIDString = 008EDF012056C9DF00AADA87;
			remoteInfo = HorrorAR;
		};
		008EDF282056C9E000AADA87 /* PBXContainerItemProxy */ = {
			isa = PBXContainerItemProxy;
			containerPortal = 008EDEFA2056C9DF00AADA87 /* Project object */;
			proxyType = 1;
			remoteGlobalIDString = 008EDF012056C9DF00AADA87;
			remoteInfo = HorrorAR;
		};
/* End PBXContainerItemProxy section */

/* Begin PBXFileReference section */
		001DB01F20AC816A0010763A /* skidding.mp3 */ = {isa = PBXFileReference; lastKnownFileType = audio.mp3; path = skidding.mp3; sourceTree = "<group>"; };
		001FC92E20618A3E0067132C /* Plane.m */ = {isa = PBXFileReference; fileEncoding = 4; lastKnownFileType = sourcecode.c.objc; path = Plane.m; sourceTree = "<group>"; };
		001FC92F20618A3F0067132C /* Plane.h */ = {isa = PBXFileReference; fileEncoding = 4; lastKnownFileType = sourcecode.c.h; path = Plane.h; sourceTree = "<group>"; };
		003F8379206AA60300FD5FF7 /* HRFinalCamViewController.h */ = {isa = PBXFileReference; lastKnownFileType = sourcecode.c.h; path = HRFinalCamViewController.h; sourceTree = "<group>"; };
		003F837A206AA60300FD5FF7 /* HRFinalCamViewController.m */ = {isa = PBXFileReference; lastKnownFileType = sourcecode.c.objc; path = HRFinalCamViewController.m; sourceTree = "<group>"; };
		0048267D2056EA6500D1AA57 /* facetime.mp3 */ = {isa = PBXFileReference; lastKnownFileType = audio.mp3; name = facetime.mp3; path = Assets/Sounds/facetime.mp3; sourceTree = SOURCE_ROOT; };
		0051757420A1EC40004DAB6F /* ny2-cut.mov */ = {isa = PBXFileReference; lastKnownFileType = video.quicktime; path = "ny2-cut.mov"; sourceTree = "<group>"; };
		005CC26E20ACA0110001E55E /* test.mov */ = {isa = PBXFileReference; lastKnownFileType = video.quicktime; path = test.mov; sourceTree = "<group>"; };
		005CC27020ACBE8B0001E55E /* scream.mp3 */ = {isa = PBXFileReference; lastKnownFileType = audio.mp3; path = scream.mp3; sourceTree = "<group>"; };
		005D2DB920A09DC100B55942 /* facetimeanswer.wav */ = {isa = PBXFileReference; lastKnownFileType = audio.wav; path = facetimeanswer.wav; sourceTree = "<group>"; };
		00620529206030AB00A743F1 /* HRCamViewController.h */ = {isa = PBXFileReference; lastKnownFileType = sourcecode.c.h; name = HRCamViewController.h; path = /Users/gabe/Desktop/HorrorAR/HorrorAR/HRCamViewController.h; sourceTree = "<absolute>"; };
		0062052A206030AB00A743F1 /* HRCamViewController.m */ = {isa = PBXFileReference; lastKnownFileType = sourcecode.c.objc; name = HRCamViewController.m; path = /Users/gabe/Desktop/HorrorAR/HorrorAR/HRCamViewController.m; sourceTree = "<absolute>"; };
		008EDF022056C9DF00AADA87 /* HorrorAR.app */ = {isa = PBXFileReference; explicitFileType = wrapper.application; includeInIndex = 0; path = HorrorAR.app; sourceTree = BUILT_PRODUCTS_DIR; };
		008EDF052056C9DF00AADA87 /* AppDelegate.h */ = {isa = PBXFileReference; lastKnownFileType = sourcecode.c.h; path = AppDelegate.h; sourceTree = "<group>"; };
		008EDF062056C9DF00AADA87 /* AppDelegate.m */ = {isa = PBXFileReference; lastKnownFileType = sourcecode.c.objc; path = AppDelegate.m; sourceTree = "<group>"; };
		008EDF082056C9E000AADA87 /* art.scnassets */ = {isa = PBXFileReference; lastKnownFileType = wrapper.scnassets; path = art.scnassets; sourceTree = "<group>"; };
		008EDF0E2056C9E000AADA87 /* Base */ = {isa = PBXFileReference; lastKnownFileType = file.storyboard; name = Base; path = Base.lproj/Main.storyboard; sourceTree = "<group>"; };
		008EDF102056C9E000AADA87 /* Assets.xcassets */ = {isa = PBXFileReference; lastKnownFileType = folder.assetcatalog; path = Assets.xcassets; sourceTree = "<group>"; };
		008EDF132056C9E000AADA87 /* Base */ = {isa = PBXFileReference; lastKnownFileType = file.storyboard; name = Base; path = Base.lproj/LaunchScreen.storyboard; sourceTree = "<group>"; };
		008EDF152056C9E000AADA87 /* Info.plist */ = {isa = PBXFileReference; lastKnownFileType = text.plist.xml; path = Info.plist; sourceTree = "<group>"; };
		008EDF162056C9E000AADA87 /* main.m */ = {isa = PBXFileReference; lastKnownFileType = sourcecode.c.objc; path = main.m; sourceTree = "<group>"; };
		008EDF1C2056C9E000AADA87 /* HorrorARTests.xctest */ = {isa = PBXFileReference; explicitFileType = wrapper.cfbundle; includeInIndex = 0; path = HorrorARTests.xctest; sourceTree = BUILT_PRODUCTS_DIR; };
		008EDF202056C9E000AADA87 /* HorrorARTests.m */ = {isa = PBXFileReference; lastKnownFileType = sourcecode.c.objc; path = HorrorARTests.m; sourceTree = "<group>"; };
		008EDF222056C9E000AADA87 /* Info.plist */ = {isa = PBXFileReference; lastKnownFileType = text.plist.xml; path = Info.plist; sourceTree = "<group>"; };
		008EDF272056C9E000AADA87 /* HorrorARUITests.xctest */ = {isa = PBXFileReference; explicitFileType = wrapper.cfbundle; includeInIndex = 0; path = HorrorARUITests.xctest; sourceTree = BUILT_PRODUCTS_DIR; };
		008EDF2B2056C9E000AADA87 /* HorrorARUITests.m */ = {isa = PBXFileReference; lastKnownFileType = sourcecode.c.objc; path = HorrorARUITests.m; sourceTree = "<group>"; };
		008EDF2D2056C9E000AADA87 /* Info.plist */ = {isa = PBXFileReference; lastKnownFileType = text.plist.xml; path = Info.plist; sourceTree = "<group>"; };
		008EDF392056CA1200AADA87 /* HRIntroViewController.h */ = {isa = PBXFileReference; lastKnownFileType = sourcecode.c.h; path = HRIntroViewController.h; sourceTree = "<group>"; };
		008EDF3A2056CA1200AADA87 /* HRIntroViewController.m */ = {isa = PBXFileReference; lastKnownFileType = sourcecode.c.objc; path = HRIntroViewController.m; sourceTree = "<group>"; };
		008EDF3C2056D49D00AADA87 /* HRFaceTimeViewController.h */ = {isa = PBXFileReference; lastKnownFileType = sourcecode.c.h; path = HRFaceTimeViewController.h; sourceTree = "<group>"; };
		008EDF3D2056D49D00AADA87 /* HRFaceTimeViewController.m */ = {isa = PBXFileReference; lastKnownFileType = sourcecode.c.objc; path = HRFaceTimeViewController.m; sourceTree = "<group>"; };
		008EDF3F2056D4D500AADA87 /* HRMainNavController.h */ = {isa = PBXFileReference; lastKnownFileType = sourcecode.c.h; path = HRMainNavController.h; sourceTree = "<group>"; };
		008EDF402056D4D500AADA87 /* HRMainNavController.m */ = {isa = PBXFileReference; lastKnownFileType = sourcecode.c.objc; path = HRMainNavController.m; sourceTree = "<group>"; };
		00AF2FAA209BAFF1009C9A45 /* great.MOV */ = {isa = PBXFileReference; lastKnownFileType = video.quicktime; path = great.MOV; sourceTree = "<group>"; };
		00B7330420A4929E00B2ADBD /* la-cut.mov */ = {isa = PBXFileReference; lastKnownFileType = video.quicktime; path = "la-cut.mov"; sourceTree = "<group>"; };
		00B7330620A492E900B2ADBD /* sf-cut.mov */ = {isa = PBXFileReference; lastKnownFileType = video.quicktime; path = "sf-cut.mov"; sourceTree = "<group>"; };
		00B7330820A496E900B2ADBD /* glitch1.wav */ = {isa = PBXFileReference; lastKnownFileType = audio.wav; path = glitch1.wav; sourceTree = "<group>"; };
		00B7330A20A4971100B2ADBD /* glitch4.wav */ = {isa = PBXFileReference; lastKnownFileType = audio.wav; path = glitch4.wav; sourceTree = "<group>"; };
		00B7330C20A49F4E00B2ADBD /* yw-cut.mov */ = {isa = PBXFileReference; lastKnownFileType = video.quicktime; path = "yw-cut.mov"; sourceTree = "<group>"; };
		00B7330E20A4BD0000B2ADBD /* strings.mp3 */ = {isa = PBXFileReference; lastKnownFileType = audio.mp3; path = strings.mp3; sourceTree = "<group>"; };
		00BC67EA20643D7D00CBF0CF /* hallowed.mp3 */ = {isa = PBXFileReference; lastKnownFileType = audio.mp3; path = hallowed.mp3; sourceTree = "<group>"; };
		00F49E52206984C300F32EB0 /* glitch4.mp3 */ = {isa = PBXFileReference; lastKnownFileType = audio.mp3; path = glitch4.mp3; sourceTree = "<group>"; };
		00F49E53206984C300F32EB0 /* glitch2.mp3 */ = {isa = PBXFileReference; lastKnownFileType = audio.mp3; path = glitch2.mp3; sourceTree = "<group>"; };
		00F49E54206984C400F32EB0 /* glitch3.mp3 */ = {isa = PBXFileReference; lastKnownFileType = audio.mp3; path = glitch3.mp3; sourceTree = "<group>"; };
		00F49E55206984C400F32EB0 /* glitch1.mp3 */ = {isa = PBXFileReference; lastKnownFileType = audio.mp3; path = glitch1.mp3; sourceTree = "<group>"; };
		1180C728967D73790DAE4D9B /* libPods-HorrorARUITests.a */ = {isa = PBXFileReference; explicitFileType = archive.ar; includeInIndex = 0; path = "libPods-HorrorARUITests.a"; sourceTree = BUILT_PRODUCTS_DIR; };
		604F83B9793401EE27ADCF57 /* libPods-HorrorARTests.a */ = {isa = PBXFileReference; explicitFileType = archive.ar; includeInIndex = 0; path = "libPods-HorrorARTests.a"; sourceTree = BUILT_PRODUCTS_DIR; };
		65F822A1A1CDEDFDE930C0B5 /* libPods-HorrorAR.a */ = {isa = PBXFileReference; explicitFileType = archive.ar; includeInIndex = 0; path = "libPods-HorrorAR.a"; sourceTree = BUILT_PRODUCTS_DIR; };
		70D162E353CD7579EE47E405 /* Pods-HorrorAR.debug.xcconfig */ = {isa = PBXFileReference; includeInIndex = 1; lastKnownFileType = text.xcconfig; name = "Pods-HorrorAR.debug.xcconfig"; path = "Pods/Target Support Files/Pods-HorrorAR/Pods-HorrorAR.debug.xcconfig"; sourceTree = "<group>"; };
		7874DBD4816AB525E06CD22B /* Pods-HorrorARUITests.debug.xcconfig */ = {isa = PBXFileReference; includeInIndex = 1; lastKnownFileType = text.xcconfig; name = "Pods-HorrorARUITests.debug.xcconfig"; path = "Pods/Target Support Files/Pods-HorrorARUITests/Pods-HorrorARUITests.debug.xcconfig"; sourceTree = "<group>"; };
		7BEE5F1EF5F8B143C4D7A89C /* Pods-HorrorARUITests.release.xcconfig */ = {isa = PBXFileReference; includeInIndex = 1; lastKnownFileType = text.xcconfig; name = "Pods-HorrorARUITests.release.xcconfig"; path = "Pods/Target Support Files/Pods-HorrorARUITests/Pods-HorrorARUITests.release.xcconfig"; sourceTree = "<group>"; };
		B698D16B5AC636244BEAF214 /* Pods-HorrorARTests.release.xcconfig */ = {isa = PBXFileReference; includeInIndex = 1; lastKnownFileType = text.xcconfig; name = "Pods-HorrorARTests.release.xcconfig"; path = "Pods/Target Support Files/Pods-HorrorARTests/Pods-HorrorARTests.release.xcconfig"; sourceTree = "<group>"; };
		C10E1186254C12CCBBE91E14 /* Pods-HorrorARTests.debug.xcconfig */ = {isa = PBXFileReference; includeInIndex = 1; lastKnownFileType = text.xcconfig; name = "Pods-HorrorARTests.debug.xcconfig"; path = "Pods/Target Support Files/Pods-HorrorARTests/Pods-HorrorARTests.debug.xcconfig"; sourceTree = "<group>"; };
		D64DBFC4C9BE292D729F72E8 /* Pods-HorrorAR.release.xcconfig */ = {isa = PBXFileReference; includeInIndex = 1; lastKnownFileType = text.xcconfig; name = "Pods-HorrorAR.release.xcconfig"; path = "Pods/Target Support Files/Pods-HorrorAR/Pods-HorrorAR.release.xcconfig"; sourceTree = "<group>"; };
/* End PBXFileReference section */

/* Begin PBXFrameworksBuildPhase section */
		008EDEFF2056C9DF00AADA87 /* Frameworks */ = {
			isa = PBXFrameworksBuildPhase;
			buildActionMask = 2147483647;
			files = (
				0EC4C2251B15A63D5AC26102 /* libPods-HorrorAR.a in Frameworks */,
			);
			runOnlyForDeploymentPostprocessing = 0;
		};
		008EDF192056C9E000AADA87 /* Frameworks */ = {
			isa = PBXFrameworksBuildPhase;
			buildActionMask = 2147483647;
			files = (
				7CB7C2C0FB1763037F32B8A0 /* libPods-HorrorARTests.a in Frameworks */,
			);
			runOnlyForDeploymentPostprocessing = 0;
		};
		008EDF242056C9E000AADA87 /* Frameworks */ = {
			isa = PBXFrameworksBuildPhase;
			buildActionMask = 2147483647;
			files = (
				3849ABC80B38008CA94AEDB1 /* libPods-HorrorARUITests.a in Frameworks */,
			);
			runOnlyForDeploymentPostprocessing = 0;
		};
/* End PBXFrameworksBuildPhase section */

/* Begin PBXGroup section */
		008EDEF92056C9DF00AADA87 = {
			isa = PBXGroup;
			children = (
				008EDF042056C9DF00AADA87 /* HorrorAR */,
				008EDF1F2056C9E000AADA87 /* HorrorARTests */,
				008EDF2A2056C9E000AADA87 /* HorrorARUITests */,
				008EDF032056C9DF00AADA87 /* Products */,
				877F47E9C4A8DB32067670B7 /* Pods */,
				6D36D7D00F4A9EA3E576376A /* Frameworks */,
			);
			sourceTree = "<group>";
		};
		008EDF032056C9DF00AADA87 /* Products */ = {
			isa = PBXGroup;
			children = (
				008EDF022056C9DF00AADA87 /* HorrorAR.app */,
				008EDF1C2056C9E000AADA87 /* HorrorARTests.xctest */,
				008EDF272056C9E000AADA87 /* HorrorARUITests.xctest */,
			);
			name = Products;
			sourceTree = "<group>";
		};
		008EDF042056C9DF00AADA87 /* HorrorAR */ = {
			isa = PBXGroup;
			children = (
				00F49E55206984C400F32EB0 /* glitch1.mp3 */,
				00F49E53206984C300F32EB0 /* glitch2.mp3 */,
				00F49E54206984C400F32EB0 /* glitch3.mp3 */,
				00F49E52206984C300F32EB0 /* glitch4.mp3 */,
				00B7330820A496E900B2ADBD /* glitch1.wav */,
				00B7330A20A4971100B2ADBD /* glitch4.wav */,
				00B7330E20A4BD0000B2ADBD /* strings.mp3 */,
				00B7330C20A49F4E00B2ADBD /* yw-cut.mov */,
				0048267D2056EA6500D1AA57 /* facetime.mp3 */,
				005CC27020ACBE8B0001E55E /* scream.mp3 */,
				00BC67EA20643D7D00CBF0CF /* hallowed.mp3 */,
				005D2DB920A09DC100B55942 /* facetimeanswer.wav */,
				001DB01F20AC816A0010763A /* skidding.mp3 */,
				00AF2FAA209BAFF1009C9A45 /* great.MOV */,
				0051757420A1EC40004DAB6F /* ny2-cut.mov */,
				00B7330420A4929E00B2ADBD /* la-cut.mov */,
				005CC26E20ACA0110001E55E /* test.mov */,
				00B7330620A492E900B2ADBD /* sf-cut.mov */,
				008EDF052056C9DF00AADA87 /* AppDelegate.h */,
				008EDF062056C9DF00AADA87 /* AppDelegate.m */,
				008EDF082056C9E000AADA87 /* art.scnassets */,
				008EDF3C2056D49D00AADA87 /* HRFaceTimeViewController.h */,
				008EDF3D2056D49D00AADA87 /* HRFaceTimeViewController.m */,
				008EDF392056CA1200AADA87 /* HRIntroViewController.h */,
				008EDF3A2056CA1200AADA87 /* HRIntroViewController.m */,
				008EDF3F2056D4D500AADA87 /* HRMainNavController.h */,
				008EDF402056D4D500AADA87 /* HRMainNavController.m */,
				00620529206030AB00A743F1 /* HRCamViewController.h */,
				0062052A206030AB00A743F1 /* HRCamViewController.m */,
				003F8379206AA60300FD5FF7 /* HRFinalCamViewController.h */,
				003F837A206AA60300FD5FF7 /* HRFinalCamViewController.m */,
				001FC92F20618A3F0067132C /* Plane.h */,
				001FC92E20618A3E0067132C /* Plane.m */,
				008EDF0D2056C9E000AADA87 /* Main.storyboard */,
				008EDF102056C9E000AADA87 /* Assets.xcassets */,
				008EDF122056C9E000AADA87 /* LaunchScreen.storyboard */,
				008EDF152056C9E000AADA87 /* Info.plist */,
				008EDF162056C9E000AADA87 /* main.m */,
			);
			path = HorrorAR;
			sourceTree = "<group>";
		};
		008EDF1F2056C9E000AADA87 /* HorrorARTests */ = {
			isa = PBXGroup;
			children = (
				008EDF202056C9E000AADA87 /* HorrorARTests.m */,
				008EDF222056C9E000AADA87 /* Info.plist */,
			);
			path = HorrorARTests;
			sourceTree = "<group>";
		};
		008EDF2A2056C9E000AADA87 /* HorrorARUITests */ = {
			isa = PBXGroup;
			children = (
				008EDF2B2056C9E000AADA87 /* HorrorARUITests.m */,
				008EDF2D2056C9E000AADA87 /* Info.plist */,
			);
			path = HorrorARUITests;
			sourceTree = "<group>";
		};
		6D36D7D00F4A9EA3E576376A /* Frameworks */ = {
			isa = PBXGroup;
			children = (
				65F822A1A1CDEDFDE930C0B5 /* libPods-HorrorAR.a */,
				604F83B9793401EE27ADCF57 /* libPods-HorrorARTests.a */,
				1180C728967D73790DAE4D9B /* libPods-HorrorARUITests.a */,
			);
			name = Frameworks;
			sourceTree = "<group>";
		};
		877F47E9C4A8DB32067670B7 /* Pods */ = {
			isa = PBXGroup;
			children = (
				70D162E353CD7579EE47E405 /* Pods-HorrorAR.debug.xcconfig */,
				D64DBFC4C9BE292D729F72E8 /* Pods-HorrorAR.release.xcconfig */,
				C10E1186254C12CCBBE91E14 /* Pods-HorrorARTests.debug.xcconfig */,
				B698D16B5AC636244BEAF214 /* Pods-HorrorARTests.release.xcconfig */,
				7874DBD4816AB525E06CD22B /* Pods-HorrorARUITests.debug.xcconfig */,
				7BEE5F1EF5F8B143C4D7A89C /* Pods-HorrorARUITests.release.xcconfig */,
			);
			name = Pods;
			sourceTree = "<group>";
		};
/* End PBXGroup section */

/* Begin PBXNativeTarget section */
		008EDF012056C9DF00AADA87 /* HorrorAR */ = {
			isa = PBXNativeTarget;
			buildConfigurationList = 008EDF302056C9E000AADA87 /* Build configuration list for PBXNativeTarget "HorrorAR" */;
			buildPhases = (
				32F116960246ACB257B19B08 /* [CP] Check Pods Manifest.lock */,
				008EDEFE2056C9DF00AADA87 /* Sources */,
				008EDEFF2056C9DF00AADA87 /* Frameworks */,
				008EDF002056C9DF00AADA87 /* Resources */,
				E41A5C0DD00B0D99FAA108BE /* [CP] Embed Pods Frameworks */,
				6F73C91800216806ADC0F055 /* [CP] Copy Pods Resources */,
			);
			buildRules = (
			);
			dependencies = (
			);
			name = HorrorAR;
			productName = HorrorAR;
			productReference = 008EDF022056C9DF00AADA87 /* HorrorAR.app */;
			productType = "com.apple.product-type.application";
		};
		008EDF1B2056C9E000AADA87 /* HorrorARTests */ = {
			isa = PBXNativeTarget;
			buildConfigurationList = 008EDF332056C9E000AADA87 /* Build configuration list for PBXNativeTarget "HorrorARTests" */;
			buildPhases = (
				A4B56CA383AFF3912823EA5A /* [CP] Check Pods Manifest.lock */,
				008EDF182056C9E000AADA87 /* Sources */,
				008EDF192056C9E000AADA87 /* Frameworks */,
				008EDF1A2056C9E000AADA87 /* Resources */,
				06D1952ABB643133DB9E1615 /* [CP] Embed Pods Frameworks */,
				D4C21D7EB16DAB2A52D6C9EF /* [CP] Copy Pods Resources */,
			);
			buildRules = (
			);
			dependencies = (
				008EDF1E2056C9E000AADA87 /* PBXTargetDependency */,
			);
			name = HorrorARTests;
			productName = HorrorARTests;
			productReference = 008EDF1C2056C9E000AADA87 /* HorrorARTests.xctest */;
			productType = "com.apple.product-type.bundle.unit-test";
		};
		008EDF262056C9E000AADA87 /* HorrorARUITests */ = {
			isa = PBXNativeTarget;
			buildConfigurationList = 008EDF362056C9E000AADA87 /* Build configuration list for PBXNativeTarget "HorrorARUITests" */;
			buildPhases = (
				7D9A51B2BDC10060740B82DA /* [CP] Check Pods Manifest.lock */,
				008EDF232056C9E000AADA87 /* Sources */,
				008EDF242056C9E000AADA87 /* Frameworks */,
				008EDF252056C9E000AADA87 /* Resources */,
				45E2F643BAA6D58EA84EA58E /* [CP] Embed Pods Frameworks */,
				B16CA81DD372AF63177DD976 /* [CP] Copy Pods Resources */,
			);
			buildRules = (
			);
			dependencies = (
				008EDF292056C9E000AADA87 /* PBXTargetDependency */,
			);
			name = HorrorARUITests;
			productName = HorrorARUITests;
			productReference = 008EDF272056C9E000AADA87 /* HorrorARUITests.xctest */;
			productType = "com.apple.product-type.bundle.ui-testing";
		};
/* End PBXNativeTarget section */

/* Begin PBXProject section */
		008EDEFA2056C9DF00AADA87 /* Project object */ = {
			isa = PBXProject;
			attributes = {
				LastUpgradeCheck = 0920;
				ORGANIZATIONNAME = "Gabe Jacobs";
				TargetAttributes = {
					008EDF012056C9DF00AADA87 = {
						CreatedOnToolsVersion = 9.2;
						ProvisioningStyle = Manual;
					};
					008EDF1B2056C9E000AADA87 = {
						CreatedOnToolsVersion = 9.2;
						ProvisioningStyle = Automatic;
						TestTargetID = 008EDF012056C9DF00AADA87;
					};
					008EDF262056C9E000AADA87 = {
						CreatedOnToolsVersion = 9.2;
						ProvisioningStyle = Automatic;
						TestTargetID = 008EDF012056C9DF00AADA87;
					};
				};
			};
			buildConfigurationList = 008EDEFD2056C9DF00AADA87 /* Build configuration list for PBXProject "HorrorAR" */;
			compatibilityVersion = "Xcode 8.0";
			developmentRegion = en;
			hasScannedForEncodings = 0;
			knownRegions = (
				en,
				Base,
			);
			mainGroup = 008EDEF92056C9DF00AADA87;
			productRefGroup = 008EDF032056C9DF00AADA87 /* Products */;
			projectDirPath = "";
			projectRoot = "";
			targets = (
				008EDF012056C9DF00AADA87 /* HorrorAR */,
				008EDF1B2056C9E000AADA87 /* HorrorARTests */,
				008EDF262056C9E000AADA87 /* HorrorARUITests */,
			);
		};
/* End PBXProject section */

/* Begin PBXResourcesBuildPhase section */
		008EDF002056C9DF00AADA87 /* Resources */ = {
			isa = PBXResourcesBuildPhase;
			buildActionMask = 2147483647;
			files = (
				005CC26F20ACA0110001E55E /* test.mov in Resources */,
				00B7330520A4929E00B2ADBD /* la-cut.mov in Resources */,
				00B5E5C620A203B9001B280F /* art.scnassets in Resources */,
				00B7330B20A4971100B2ADBD /* glitch4.wav in Resources */,
				001DB02020AC816A0010763A /* skidding.mp3 in Resources */,
				005CC27120ACBE8B0001E55E /* scream.mp3 in Resources */,
				005D2DBA20A09DC100B55942 /* facetimeanswer.wav in Resources */,
				00B7330920A496EA00B2ADBD /* glitch1.wav in Resources */,
				00AF2FAB209BAFF1009C9A45 /* great.MOV in Resources */,
				0051757520A1EC40004DAB6F /* ny2-cut.mov in Resources */,
				008EDF142056C9E000AADA87 /* LaunchScreen.storyboard in Resources */,
				00F49E58206984C400F32EB0 /* glitch3.mp3 in Resources */,
				00B7330720A492E900B2ADBD /* sf-cut.mov in Resources */,
				00F49E57206984C400F32EB0 /* glitch2.mp3 in Resources */,
				0048267E2056EA6500D1AA57 /* facetime.mp3 in Resources */,
				008EDF112056C9E000AADA87 /* Assets.xcassets in Resources */,
				008EDF0F2056C9E000AADA87 /* Main.storyboard in Resources */,
				00B7330F20A4BD0000B2ADBD /* strings.mp3 in Resources */,
				00BC67EB20643D7E00CBF0CF /* hallowed.mp3 in Resources */,
				00B7330D20A49F4F00B2ADBD /* yw-cut.mov in Resources */,
				00F49E56206984C400F32EB0 /* glitch4.mp3 in Resources */,
				00F49E59206984C400F32EB0 /* glitch1.mp3 in Resources */,
			);
			runOnlyForDeploymentPostprocessing = 0;
		};
		008EDF1A2056C9E000AADA87 /* Resources */ = {
			isa = PBXResourcesBuildPhase;
			buildActionMask = 2147483647;
			files = (
			);
			runOnlyForDeploymentPostprocessing = 0;
		};
		008EDF252056C9E000AADA87 /* Resources */ = {
			isa = PBXResourcesBuildPhase;
			buildActionMask = 2147483647;
			files = (
			);
			runOnlyForDeploymentPostprocessing = 0;
		};
/* End PBXResourcesBuildPhase section */

/* Begin PBXShellScriptBuildPhase section */
		06D1952ABB643133DB9E1615 /* [CP] Embed Pods Frameworks */ = {
			isa = PBXShellScriptBuildPhase;
			buildActionMask = 2147483647;
			files = (
			);
			inputPaths = (
			);
			name = "[CP] Embed Pods Frameworks";
			outputPaths = (
			);
			runOnlyForDeploymentPostprocessing = 0;
			shellPath = /bin/sh;
			shellScript = "\"${SRCROOT}/Pods/Target Support Files/Pods-HorrorARTests/Pods-HorrorARTests-frameworks.sh\"\n";
			showEnvVarsInLog = 0;
		};
		32F116960246ACB257B19B08 /* [CP] Check Pods Manifest.lock */ = {
			isa = PBXShellScriptBuildPhase;
			buildActionMask = 2147483647;
			files = (
			);
			inputPaths = (
				"${PODS_PODFILE_DIR_PATH}/Podfile.lock",
				"${PODS_ROOT}/Manifest.lock",
			);
			name = "[CP] Check Pods Manifest.lock";
			outputPaths = (
				"$(DERIVED_FILE_DIR)/Pods-HorrorAR-checkManifestLockResult.txt",
			);
			runOnlyForDeploymentPostprocessing = 0;
			shellPath = /bin/sh;
			shellScript = "diff \"${PODS_PODFILE_DIR_PATH}/Podfile.lock\" \"${PODS_ROOT}/Manifest.lock\" > /dev/null\nif [ $? != 0 ] ; then\n    # print error to STDERR\n    echo \"error: The sandbox is not in sync with the Podfile.lock. Run 'pod install' or update your CocoaPods installation.\" >&2\n    exit 1\nfi\n# This output is used by Xcode 'outputs' to avoid re-running this script phase.\necho \"SUCCESS\" > \"${SCRIPT_OUTPUT_FILE_0}\"\n";
			showEnvVarsInLog = 0;
		};
		45E2F643BAA6D58EA84EA58E /* [CP] Embed Pods Frameworks */ = {
			isa = PBXShellScriptBuildPhase;
			buildActionMask = 2147483647;
			files = (
			);
			inputPaths = (
			);
			name = "[CP] Embed Pods Frameworks";
			outputPaths = (
			);
			runOnlyForDeploymentPostprocessing = 0;
			shellPath = /bin/sh;
			shellScript = "\"${SRCROOT}/Pods/Target Support Files/Pods-HorrorARUITests/Pods-HorrorARUITests-frameworks.sh\"\n";
			showEnvVarsInLog = 0;
		};
		6F73C91800216806ADC0F055 /* [CP] Copy Pods Resources */ = {
			isa = PBXShellScriptBuildPhase;
			buildActionMask = 2147483647;
			files = (
			);
			inputPaths = (
			);
			name = "[CP] Copy Pods Resources";
			outputPaths = (
			);
			runOnlyForDeploymentPostprocessing = 0;
			shellPath = /bin/sh;
			shellScript = "\"${SRCROOT}/Pods/Target Support Files/Pods-HorrorAR/Pods-HorrorAR-resources.sh\"\n";
			showEnvVarsInLog = 0;
		};
		7D9A51B2BDC10060740B82DA /* [CP] Check Pods Manifest.lock */ = {
			isa = PBXShellScriptBuildPhase;
			buildActionMask = 2147483647;
			files = (
			);
			inputPaths = (
				"${PODS_PODFILE_DIR_PATH}/Podfile.lock",
				"${PODS_ROOT}/Manifest.lock",
			);
			name = "[CP] Check Pods Manifest.lock";
			outputPaths = (
				"$(DERIVED_FILE_DIR)/Pods-HorrorARUITests-checkManifestLockResult.txt",
			);
			runOnlyForDeploymentPostprocessing = 0;
			shellPath = /bin/sh;
			shellScript = "diff \"${PODS_PODFILE_DIR_PATH}/Podfile.lock\" \"${PODS_ROOT}/Manifest.lock\" > /dev/null\nif [ $? != 0 ] ; then\n    # print error to STDERR\n    echo \"error: The sandbox is not in sync with the Podfile.lock. Run 'pod install' or update your CocoaPods installation.\" >&2\n    exit 1\nfi\n# This output is used by Xcode 'outputs' to avoid re-running this script phase.\necho \"SUCCESS\" > \"${SCRIPT_OUTPUT_FILE_0}\"\n";
			showEnvVarsInLog = 0;
		};
		A4B56CA383AFF3912823EA5A /* [CP] Check Pods Manifest.lock */ = {
			isa = PBXShellScriptBuildPhase;
			buildActionMask = 2147483647;
			files = (
			);
			inputPaths = (
				"${PODS_PODFILE_DIR_PATH}/Podfile.lock",
				"${PODS_ROOT}/Manifest.lock",
			);
			name = "[CP] Check Pods Manifest.lock";
			outputPaths = (
				"$(DERIVED_FILE_DIR)/Pods-HorrorARTests-checkManifestLockResult.txt",
			);
			runOnlyForDeploymentPostprocessing = 0;
			shellPath = /bin/sh;
			shellScript = "diff \"${PODS_PODFILE_DIR_PATH}/Podfile.lock\" \"${PODS_ROOT}/Manifest.lock\" > /dev/null\nif [ $? != 0 ] ; then\n    # print error to STDERR\n    echo \"error: The sandbox is not in sync with the Podfile.lock. Run 'pod install' or update your CocoaPods installation.\" >&2\n    exit 1\nfi\n# This output is used by Xcode 'outputs' to avoid re-running this script phase.\necho \"SUCCESS\" > \"${SCRIPT_OUTPUT_FILE_0}\"\n";
			showEnvVarsInLog = 0;
		};
		B16CA81DD372AF63177DD976 /* [CP] Copy Pods Resources */ = {
			isa = PBXShellScriptBuildPhase;
			buildActionMask = 2147483647;
			files = (
			);
			inputPaths = (
			);
			name = "[CP] Copy Pods Resources";
			outputPaths = (
			);
			runOnlyForDeploymentPostprocessing = 0;
			shellPath = /bin/sh;
			shellScript = "\"${SRCROOT}/Pods/Target Support Files/Pods-HorrorARUITests/Pods-HorrorARUITests-resources.sh\"\n";
			showEnvVarsInLog = 0;
		};
		D4C21D7EB16DAB2A52D6C9EF /* [CP] Copy Pods Resources */ = {
			isa = PBXShellScriptBuildPhase;
			buildActionMask = 2147483647;
			files = (
			);
			inputPaths = (
			);
			name = "[CP] Copy Pods Resources";
			outputPaths = (
			);
			runOnlyForDeploymentPostprocessing = 0;
			shellPath = /bin/sh;
			shellScript = "\"${SRCROOT}/Pods/Target Support Files/Pods-HorrorARTests/Pods-HorrorARTests-resources.sh\"\n";
			showEnvVarsInLog = 0;
		};
		E41A5C0DD00B0D99FAA108BE /* [CP] Embed Pods Frameworks */ = {
			isa = PBXShellScriptBuildPhase;
			buildActionMask = 2147483647;
			files = (
			);
			inputPaths = (
			);
			name = "[CP] Embed Pods Frameworks";
			outputPaths = (
			);
			runOnlyForDeploymentPostprocessing = 0;
			shellPath = /bin/sh;
			shellScript = "\"${SRCROOT}/Pods/Target Support Files/Pods-HorrorAR/Pods-HorrorAR-frameworks.sh\"\n";
			showEnvVarsInLog = 0;
		};
/* End PBXShellScriptBuildPhase section */

/* Begin PBXSourcesBuildPhase section */
		008EDEFE2056C9DF00AADA87 /* Sources */ = {
			isa = PBXSourcesBuildPhase;
			buildActionMask = 2147483647;
			files = (
				008EDF172056C9E000AADA87 /* main.m in Sources */,
				003F837B206AA60300FD5FF7 /* HRFinalCamViewController.m in Sources */,
				0062052B206030AB00A743F1 /* HRCamViewController.m in Sources */,
				008EDF412056D4D500AADA87 /* HRMainNavController.m in Sources */,
				008EDF072056C9DF00AADA87 /* AppDelegate.m in Sources */,
				001FC93020618A400067132C /* Plane.m in Sources */,
				008EDF3B2056CA1200AADA87 /* HRIntroViewController.m in Sources */,
				008EDF3E2056D49D00AADA87 /* HRFaceTimeViewController.m in Sources */,
			);
			runOnlyForDeploymentPostprocessing = 0;
		};
		008EDF182056C9E000AADA87 /* Sources */ = {
			isa = PBXSourcesBuildPhase;
			buildActionMask = 2147483647;
			files = (
				008EDF212056C9E000AADA87 /* HorrorARTests.m in Sources */,
			);
			runOnlyForDeploymentPostprocessing = 0;
		};
		008EDF232056C9E000AADA87 /* Sources */ = {
			isa = PBXSourcesBuildPhase;
			buildActionMask = 2147483647;
			files = (
				008EDF2C2056C9E000AADA87 /* HorrorARUITests.m in Sources */,
			);
			runOnlyForDeploymentPostprocessing = 0;
		};
/* End PBXSourcesBuildPhase section */

/* Begin PBXTargetDependency section */
		008EDF1E2056C9E000AADA87 /* PBXTargetDependency */ = {
			isa = PBXTargetDependency;
			target = 008EDF012056C9DF00AADA87 /* HorrorAR */;
			targetProxy = 008EDF1D2056C9E000AADA87 /* PBXContainerItemProxy */;
		};
		008EDF292056C9E000AADA87 /* PBXTargetDependency */ = {
			isa = PBXTargetDependency;
			target = 008EDF012056C9DF00AADA87 /* HorrorAR */;
			targetProxy = 008EDF282056C9E000AADA87 /* PBXContainerItemProxy */;
		};
/* End PBXTargetDependency section */

/* Begin PBXVariantGroup section */
		008EDF0D2056C9E000AADA87 /* Main.storyboard */ = {
			isa = PBXVariantGroup;
			children = (
				008EDF0E2056C9E000AADA87 /* Base */,
			);
			name = Main.storyboard;
			sourceTree = "<group>";
		};
		008EDF122056C9E000AADA87 /* LaunchScreen.storyboard */ = {
			isa = PBXVariantGroup;
			children = (
				008EDF132056C9E000AADA87 /* Base */,
			);
			name = LaunchScreen.storyboard;
			sourceTree = "<group>";
		};
/* End PBXVariantGroup section */

/* Begin XCBuildConfiguration section */
		008EDF2E2056C9E000AADA87 /* Debug */ = {
			isa = XCBuildConfiguration;
			buildSettings = {
				ALWAYS_SEARCH_USER_PATHS = NO;
				CLANG_ANALYZER_NONNULL = YES;
				CLANG_ANALYZER_NUMBER_OBJECT_CONVERSION = YES_AGGRESSIVE;
				CLANG_CXX_LANGUAGE_STANDARD = "gnu++14";
				CLANG_CXX_LIBRARY = "libc++";
				CLANG_ENABLE_MODULES = YES;
				CLANG_ENABLE_OBJC_ARC = YES;
				CLANG_WARN_BLOCK_CAPTURE_AUTORELEASING = YES;
				CLANG_WARN_BOOL_CONVERSION = YES;
				CLANG_WARN_COMMA = YES;
				CLANG_WARN_CONSTANT_CONVERSION = YES;
				CLANG_WARN_DIRECT_OBJC_ISA_USAGE = YES_ERROR;
				CLANG_WARN_DOCUMENTATION_COMMENTS = YES;
				CLANG_WARN_EMPTY_BODY = YES;
				CLANG_WARN_ENUM_CONVERSION = YES;
				CLANG_WARN_INFINITE_RECURSION = YES;
				CLANG_WARN_INT_CONVERSION = YES;
				CLANG_WARN_NON_LITERAL_NULL_CONVERSION = YES;
				CLANG_WARN_OBJC_LITERAL_CONVERSION = YES;
				CLANG_WARN_OBJC_ROOT_CLASS = YES_ERROR;
				CLANG_WARN_RANGE_LOOP_ANALYSIS = YES;
				CLANG_WARN_STRICT_PROTOTYPES = YES;
				CLANG_WARN_SUSPICIOUS_MOVE = YES;
				CLANG_WARN_UNGUARDED_AVAILABILITY = YES_AGGRESSIVE;
				CLANG_WARN_UNREACHABLE_CODE = YES;
				CLANG_WARN__DUPLICATE_METHOD_MATCH = YES;
				CODE_SIGN_IDENTITY = "iPhone Developer";
				COPY_PHASE_STRIP = NO;
				DEBUG_INFORMATION_FORMAT = dwarf;
				ENABLE_STRICT_OBJC_MSGSEND = YES;
				ENABLE_TESTABILITY = YES;
				GCC_C_LANGUAGE_STANDARD = gnu11;
				GCC_DYNAMIC_NO_PIC = NO;
				GCC_NO_COMMON_BLOCKS = YES;
				GCC_OPTIMIZATION_LEVEL = 0;
				GCC_PREPROCESSOR_DEFINITIONS = (
					"DEBUG=1",
					"$(inherited)",
				);
				GCC_WARN_64_TO_32_BIT_CONVERSION = YES;
				GCC_WARN_ABOUT_RETURN_TYPE = YES_ERROR;
				GCC_WARN_UNDECLARED_SELECTOR = YES;
				GCC_WARN_UNINITIALIZED_AUTOS = YES_AGGRESSIVE;
				GCC_WARN_UNUSED_FUNCTION = YES;
				GCC_WARN_UNUSED_VARIABLE = YES;
				IPHONEOS_DEPLOYMENT_TARGET = 11.2;
				MTL_ENABLE_DEBUG_INFO = YES;
				ONLY_ACTIVE_ARCH = YES;
				SDKROOT = iphoneos;
			};
			name = Debug;
		};
		008EDF2F2056C9E000AADA87 /* Release */ = {
			isa = XCBuildConfiguration;
			buildSettings = {
				ALWAYS_SEARCH_USER_PATHS = NO;
				CLANG_ANALYZER_NONNULL = YES;
				CLANG_ANALYZER_NUMBER_OBJECT_CONVERSION = YES_AGGRESSIVE;
				CLANG_CXX_LANGUAGE_STANDARD = "gnu++14";
				CLANG_CXX_LIBRARY = "libc++";
				CLANG_ENABLE_MODULES = YES;
				CLANG_ENABLE_OBJC_ARC = YES;
				CLANG_WARN_BLOCK_CAPTURE_AUTORELEASING = YES;
				CLANG_WARN_BOOL_CONVERSION = YES;
				CLANG_WARN_COMMA = YES;
				CLANG_WARN_CONSTANT_CONVERSION = YES;
				CLANG_WARN_DIRECT_OBJC_ISA_USAGE = YES_ERROR;
				CLANG_WARN_DOCUMENTATION_COMMENTS = YES;
				CLANG_WARN_EMPTY_BODY = YES;
				CLANG_WARN_ENUM_CONVERSION = YES;
				CLANG_WARN_INFINITE_RECURSION = YES;
				CLANG_WARN_INT_CONVERSION = YES;
				CLANG_WARN_NON_LITERAL_NULL_CONVERSION = YES;
				CLANG_WARN_OBJC_LITERAL_CONVERSION = YES;
				CLANG_WARN_OBJC_ROOT_CLASS = YES_ERROR;
				CLANG_WARN_RANGE_LOOP_ANALYSIS = YES;
				CLANG_WARN_STRICT_PROTOTYPES = YES;
				CLANG_WARN_SUSPICIOUS_MOVE = YES;
				CLANG_WARN_UNGUARDED_AVAILABILITY = YES_AGGRESSIVE;
				CLANG_WARN_UNREACHABLE_CODE = YES;
				CLANG_WARN__DUPLICATE_METHOD_MATCH = YES;
				CODE_SIGN_IDENTITY = "iPhone Developer";
				COPY_PHASE_STRIP = NO;
				DEBUG_INFORMATION_FORMAT = "dwarf-with-dsym";
				ENABLE_NS_ASSERTIONS = NO;
				ENABLE_STRICT_OBJC_MSGSEND = YES;
				GCC_C_LANGUAGE_STANDARD = gnu11;
				GCC_NO_COMMON_BLOCKS = YES;
				GCC_WARN_64_TO_32_BIT_CONVERSION = YES;
				GCC_WARN_ABOUT_RETURN_TYPE = YES_ERROR;
				GCC_WARN_UNDECLARED_SELECTOR = YES;
				GCC_WARN_UNINITIALIZED_AUTOS = YES_AGGRESSIVE;
				GCC_WARN_UNUSED_FUNCTION = YES;
				GCC_WARN_UNUSED_VARIABLE = YES;
				IPHONEOS_DEPLOYMENT_TARGET = 11.2;
				MTL_ENABLE_DEBUG_INFO = NO;
				SDKROOT = iphoneos;
				VALIDATE_PRODUCT = YES;
			};
			name = Release;
		};
		008EDF312056C9E000AADA87 /* Debug */ = {
			isa = XCBuildConfiguration;
			baseConfigurationReference = 70D162E353CD7579EE47E405 /* Pods-HorrorAR.debug.xcconfig */;
			buildSettings = {
				ASSETCATALOG_COMPILER_APPICON_NAME = AppIcon;
				CODE_SIGN_IDENTITY = "iPhone Developer";
				CODE_SIGN_STYLE = Manual;
				DEVELOPMENT_TEAM = ZC9XKUHSQ8;
				INFOPLIST_FILE = HorrorAR/Info.plist;
				IPHONEOS_DEPLOYMENT_TARGET = 11.3;
				LD_RUNPATH_SEARCH_PATHS = "$(inherited) @executable_path/Frameworks";
				PRODUCT_BUNDLE_IDENTIFIER = com.mssngpeces.HorrorAR;
				PRODUCT_NAME = "$(TARGET_NAME)";
				PROVISIONING_PROFILE = "b72c701a-d45c-41d0-b966-502608558454";
				PROVISIONING_PROFILE_SPECIFIER = "Mssng Peces Development";
				TARGETED_DEVICE_FAMILY = "1,2";
			};
			name = Debug;
		};
		008EDF322056C9E000AADA87 /* Release */ = {
			isa = XCBuildConfiguration;
			baseConfigurationReference = D64DBFC4C9BE292D729F72E8 /* Pods-HorrorAR.release.xcconfig */;
			buildSettings = {
				ASSETCATALOG_COMPILER_APPICON_NAME = AppIcon;
				CODE_SIGN_IDENTITY = "iPhone Distribution";
				CODE_SIGN_STYLE = Manual;
				DEVELOPMENT_TEAM = ZC9XKUHSQ8;
				INFOPLIST_FILE = HorrorAR/Info.plist;
				IPHONEOS_DEPLOYMENT_TARGET = 11.3;
				LD_RUNPATH_SEARCH_PATHS = "$(inherited) @executable_path/Frameworks";
				PRODUCT_BUNDLE_IDENTIFIER = com.mssngpeces.HorrorAR;
				PRODUCT_NAME = "$(TARGET_NAME)";
				PROVISIONING_PROFILE = "48f3cb58-b018-4698-a3bc-82b5ea31b21d";
				PROVISIONING_PROFILE_SPECIFIER = "Horror App Distribution";
				TARGETED_DEVICE_FAMILY = "1,2";
			};
			name = Release;
		};
		008EDF342056C9E000AADA87 /* Debug */ = {
			isa = XCBuildConfiguration;
			baseConfigurationReference = C10E1186254C12CCBBE91E14 /* Pods-HorrorARTests.debug.xcconfig */;
			buildSettings = {
				BUNDLE_LOADER = "$(TEST_HOST)";
				CODE_SIGN_STYLE = Automatic;
				DEVELOPMENT_TEAM = ZC9XKUHSQ8;
				INFOPLIST_FILE = HorrorARTests/Info.plist;
				LD_RUNPATH_SEARCH_PATHS = "$(inherited) @executable_path/Frameworks @loader_path/Frameworks";
				PRODUCT_BUNDLE_IDENTIFIER = mssngpeces.HorrorARTests;
				PRODUCT_NAME = "$(TARGET_NAME)";
				TARGETED_DEVICE_FAMILY = "1,2";
				TEST_HOST = "$(BUILT_PRODUCTS_DIR)/HorrorAR.app/HorrorAR";
			};
			name = Debug;
		};
		008EDF352056C9E000AADA87 /* Release */ = {
			isa = XCBuildConfiguration;
			baseConfigurationReference = B698D16B5AC636244BEAF214 /* Pods-HorrorARTests.release.xcconfig */;
			buildSettings = {
				BUNDLE_LOADER = "$(TEST_HOST)";
				CODE_SIGN_STYLE = Automatic;
				DEVELOPMENT_TEAM = ZC9XKUHSQ8;
				INFOPLIST_FILE = HorrorARTests/Info.plist;
				LD_RUNPATH_SEARCH_PATHS = "$(inherited) @executable_path/Frameworks @loader_path/Frameworks";
				PRODUCT_BUNDLE_IDENTIFIER = mssngpeces.HorrorARTests;
				PRODUCT_NAME = "$(TARGET_NAME)";
				TARGETED_DEVICE_FAMILY = "1,2";
				TEST_HOST = "$(BUILT_PRODUCTS_DIR)/HorrorAR.app/HorrorAR";
			};
			name = Release;
		};
		008EDF372056C9E000AADA87 /* Debug */ = {
			isa = XCBuildConfiguration;
			baseConfigurationReference = 7874DBD4816AB525E06CD22B /* Pods-HorrorARUITests.debug.xcconfig */;
			buildSettings = {
				CODE_SIGN_STYLE = Automatic;
				DEVELOPMENT_TEAM = ZC9XKUHSQ8;
				INFOPLIST_FILE = HorrorARUITests/Info.plist;
				LD_RUNPATH_SEARCH_PATHS = "$(inherited) @executable_path/Frameworks @loader_path/Frameworks";
				PRODUCT_BUNDLE_IDENTIFIER = mssngpeces.HorrorARUITests;
				PRODUCT_NAME = "$(TARGET_NAME)";
				TARGETED_DEVICE_FAMILY = "1,2";
				TEST_TARGET_NAME = HorrorAR;
			};
			name = Debug;
		};
		008EDF382056C9E000AADA87 /* Release */ = {
			isa = XCBuildConfiguration;
			baseConfigurationReference = 7BEE5F1EF5F8B143C4D7A89C /* Pods-HorrorARUITests.release.xcconfig */;
			buildSettings = {
				CODE_SIGN_STYLE = Automatic;
				DEVELOPMENT_TEAM = ZC9XKUHSQ8;
				INFOPLIST_FILE = HorrorARUITests/Info.plist;
				LD_RUNPATH_SEARCH_PATHS = "$(inherited) @executable_path/Frameworks @loader_path/Frameworks";
				PRODUCT_BUNDLE_IDENTIFIER = mssngpeces.HorrorARUITests;
				PRODUCT_NAME = "$(TARGET_NAME)";
				TARGETED_DEVICE_FAMILY = "1,2";
				TEST_TARGET_NAME = HorrorAR;
			};
			name = Release;
		};
/* End XCBuildConfiguration section */

/* Begin XCConfigurationList section */
		008EDEFD2056C9DF00AADA87 /* Build configuration list for PBXProject "HorrorAR" */ = {
			isa = XCConfigurationList;
			buildConfigurations = (
				008EDF2E2056C9E000AADA87 /* Debug */,
				008EDF2F2056C9E000AADA87 /* Release */,
			);
			defaultConfigurationIsVisible = 0;
			defaultConfigurationName = Release;
		};
		008EDF302056C9E000AADA87 /* Build configuration list for PBXNativeTarget "HorrorAR" */ = {
			isa = XCConfigurationList;
			buildConfigurations = (
				008EDF312056C9E000AADA87 /* Debug */,
				008EDF322056C9E000AADA87 /* Release */,
			);
			defaultConfigurationIsVisible = 0;
			defaultConfigurationName = Release;
		};
		008EDF332056C9E000AADA87 /* Build configuration list for PBXNativeTarget "HorrorARTests" */ = {
			isa = XCConfigurationList;
			buildConfigurations = (
				008EDF342056C9E000AADA87 /* Debug */,
				008EDF352056C9E000AADA87 /* Release */,
			);
			defaultConfigurationIsVisible = 0;
			defaultConfigurationName = Release;
		};
		008EDF362056C9E000AADA87 /* Build configuration list for PBXNativeTarget "HorrorARUITests" */ = {
			isa = XCConfigurationList;
			buildConfigurations = (
				008EDF372056C9E000AADA87 /* Debug */,
				008EDF382056C9E000AADA87 /* Release */,
			);
			defaultConfigurationIsVisible = 0;
			defaultConfigurationName = Release;
		};
/* End XCConfigurationList section */
	};
	rootObject = 008EDEFA2056C9DF00AADA87 /* Project object */;
}
